{
  "nodes": {
    "nixpkgs": {
      "locked": {
        "lastModified": 1763855592,
        "narHash": "sha256-hZDEvRI1jxXRM2aOIK+RVXUB8O+vDTM8mMDk4B3I74o=",
        "owner": "NixOS",
        "repo": "nixpkgs",
        "rev": "74c7dbb8e8adc9fdd3e734d7fd85f36f5421a2f9",
        "type": "github"
      },
      "original": {
        "owner": "NixOS",
        "repo": "nixpkgs",
        "rev": "74c7dbb8e8adc9fdd3e734d7fd85f36f5421a2f9",
        "type": "github"
      }
    },
    "root": {
      "inputs": {
        "nixpkgs": "nixpkgs"
      }
    }
  },
  "root": "root",
  "version": 7
}
